
Microsoft Visual Studio Solution File, Format Version 12.00
# Visual Studio Version 16
VisualStudioVersion = 16.0.35026.282
MinimumVisualStudioVersion = 10.0.40219.1
Project("{FAE04EC0-301F-11D3-BF4B-00C04F79EFBC}") = "FMinecraft Installer", "FMinecraft Installer\FMinecraft Installer.csproj", "{B40C05C3-5BB8-4646-B7BA-17144144C0FB}"
EndProject
Global
	GlobalSection(SolutionConfigurationPlatforms) = preSolution
		Debug|Any CPU = Debug|Any CPU
		Release|Any CPU = Release|Any CPU
	EndGlobalSection
	GlobalSection(ProjectConfigurationPlatforms) = postSolution
		{B40C05C3-5BB8-4646-B7BA-17144144C0FB}.Debug|Any CPU.ActiveCfg = Debug|Any CPU
		{B40C05C3-5BB8-4646-B7BA-17144144C0FB}.Debug|Any CPU.Build.0 = Debug|Any CPU
		{B40C05C3-5BB8-4646-B7BA-17144144C0FB}.Release|Any CPU.ActiveCfg = Release|Any CPU
		{B40C05C3-5BB8-4646-B7BA-17144144C0FB}.Release|Any CPU.Build.0 = Release|Any CPU
	EndGlobalSection
	GlobalSection(SolutionProperties) = preSolution
		HideSolutionNode = FALSE
	EndGlobalSection
	GlobalSection(ExtensibilityGlobals) = postSolution
		SolutionGuid = {62E89FB9-6DF3-480E-9504-675740133B95}
	EndGlobalSection
EndGlobal
