
Microsoft Visual Studio Solution File, Format Version 12.00
# Visual Studio Version 16
VisualStudioVersion = 16.0.34407.143
MinimumVisualStudioVersion = 10.0.40219.1
Project("{FAE04EC0-301F-11D3-BF4B-00C04F79EFBC}") = "Uninstall FMinecraft Launcher", "Uninstall FMinecraft Launcher\Uninstall FMinecraft Launcher.csproj", "{77900DBA-7427-4C16-93F3-54EB4BD3B3F4}"
EndProject
Global
	GlobalSection(SolutionConfigurationPlatforms) = preSolution
		Debug|Any CPU = Debug|Any CPU
		Release|Any CPU = Release|Any CPU
	EndGlobalSection
	GlobalSection(ProjectConfigurationPlatforms) = postSolution
		{77900DBA-7427-4C16-93F3-54EB4BD3B3F4}.Debug|Any CPU.ActiveCfg = Debug|Any CPU
		{77900DBA-7427-4C16-93F3-54EB4BD3B3F4}.Debug|Any CPU.Build.0 = Debug|Any CPU
		{77900DBA-7427-4C16-93F3-54EB4BD3B3F4}.Release|Any CPU.ActiveCfg = Release|Any CPU
		{77900DBA-7427-4C16-93F3-54EB4BD3B3F4}.Release|Any CPU.Build.0 = Release|Any CPU
	EndGlobalSection
	GlobalSection(SolutionProperties) = preSolution
		HideSolutionNode = FALSE
	EndGlobalSection
	GlobalSection(ExtensibilityGlobals) = postSolution
		SolutionGuid = {5F1147EA-489F-4A1D-A6B0-504747249DDA}
	EndGlobalSection
EndGlobal
